
Microsoft Visual Studio Solution File, Format Version 12.00
# Visual Studio Version 16
VisualStudioVersion = 16.0.29424.173
MinimumVisualStudioVersion = 10.0.40219.1
Project("{8BC9CEB8-8B4A-11D0-8D11-00A0C91BC942}") = "P2Pclient", "P2PClient\P2Pclient.vcxproj", "{9993B639-BCC9-4493-BB3D-57ED2830B6C4}"
EndProject
Project("{8BC9CEB8-8B4A-11D0-8D11-00A0C91BC942}") = "P2Pserver", "P2PServer\P2Pserver.vcxproj", "{410DD946-59E2-41D3-B48C-BA61BE75A145}"
EndProject
Global
	GlobalSection(SolutionConfigurationPlatforms) = preSolution
		Debug|x64 = Debug|x64
		Debug|x86 = Debug|x86
		Release|x64 = Release|x64
		Release|x86 = Release|x86
	EndGlobalSection
	GlobalSection(ProjectConfigurationPlatforms) = postSolution
		{9993B639-BCC9-4493-BB3D-57ED2830B6C4}.Debug|x64.ActiveCfg = Debug|x64
		{9993B639-BCC9-4493-BB3D-57ED2830B6C4}.Debug|x64.Build.0 = Debug|x64
		{9993B639-BCC9-4493-BB3D-57ED2830B6C4}.Debug|x86.ActiveCfg = Debug|Win32
		{9993B639-BCC9-4493-BB3D-57ED2830B6C4}.Debug|x86.Build.0 = Debug|Win32
		{9993B639-BCC9-4493-BB3D-57ED2830B6C4}.Release|x64.ActiveCfg = Release|x64
		{9993B639-BCC9-4493-BB3D-57ED2830B6C4}.Release|x64.Build.0 = Release|x64
		{9993B639-BCC9-4493-BB3D-57ED2830B6C4}.Release|x86.ActiveCfg = Release|Win32
		{9993B639-BCC9-4493-BB3D-57ED2830B6C4}.Release|x86.Build.0 = Release|Win32
		{410DD946-59E2-41D3-B48C-BA61BE75A145}.Debug|x64.ActiveCfg = Debug|x64
		{410DD946-59E2-41D3-B48C-BA61BE75A145}.Debug|x64.Build.0 = Debug|x64
		{410DD946-59E2-41D3-B48C-BA61BE75A145}.Debug|x86.ActiveCfg = Debug|Win32
		{410DD946-59E2-41D3-B48C-BA61BE75A145}.Debug|x86.Build.0 = Debug|Win32
		{410DD946-59E2-41D3-B48C-BA61BE75A145}.Release|x64.ActiveCfg = Release|x64
		{410DD946-59E2-41D3-B48C-BA61BE75A145}.Release|x64.Build.0 = Release|x64
		{410DD946-59E2-41D3-B48C-BA61BE75A145}.Release|x86.ActiveCfg = Release|Win32
		{410DD946-59E2-41D3-B48C-BA61BE75A145}.Release|x86.Build.0 = Release|Win32
	EndGlobalSection
	GlobalSection(SolutionProperties) = preSolution
		HideSolutionNode = FALSE
	EndGlobalSection
	GlobalSection(ExtensibilityGlobals) = postSolution
		SolutionGuid = {4576D43A-DC88-48AA-99CA-3FF888653969}
	EndGlobalSection
EndGlobal
